
Microsoft Visual Studio Solution File, Format Version 12.00
# Visual Studio Version 17
VisualStudioVersion = 17.3.32811.315
MinimumVisualStudioVersion = 10.0.40219.1
Project("{9A19103F-16F7-4668-BE54-9A1E7A4F7556}") = "LUWeapons", "LUWeapons.csproj", "{461F4E8C-28AD-4FB1-9E91-79785630F7EC}"
EndProject
Global
	GlobalSection(SolutionConfigurationPlatforms) = preSolution
		Debug|Any CPU = Debug|Any CPU
		Release|Any CPU = Release|Any CPU
	EndGlobalSection
	GlobalSection(ProjectConfigurationPlatforms) = postSolution
		{461F4E8C-28AD-4FB1-9E91-79785630F7EC}.Debug|Any CPU.ActiveCfg = Debug|Any CPU
		{461F4E8C-28AD-4FB1-9E91-79785630F7EC}.Debug|Any CPU.Build.0 = Debug|Any CPU
		{461F4E8C-28AD-4FB1-9E91-79785630F7EC}.Release|Any CPU.ActiveCfg = Release|Any CPU
		{461F4E8C-28AD-4FB1-9E91-79785630F7EC}.Release|Any CPU.Build.0 = Release|Any CPU
	EndGlobalSection
	GlobalSection(SolutionProperties) = preSolution
		HideSolutionNode = FALSE
	EndGlobalSection
	GlobalSection(ExtensibilityGlobals) = postSolution
		SolutionGuid = {D81D65F6-AEF5-4878-BE02-8C62D6C5FA4A}
	EndGlobalSection
EndGlobal
